
Microsoft Visual Studio Solution File, Format Version 12.00
# Visual Studio 2013
VisualStudioVersion = 12.0.31101.0
MinimumVisualStudioVersion = 10.0.40219.1
Project("{FAE04EC0-301F-11D3-BF4B-00C04F79EFBC}") = "Joke.Web", "Joke.Web\Joke.Web.csproj", "{BE66EE1A-6978-4F7C-AB4A-F5021E932108}"
EndProject
Project("{FAE04EC0-301F-11D3-BF4B-00C04F79EFBC}") = "Joke.BusinessLogic", "Joke.BusinessLogic\Joke.BusinessLogic.csproj", "{C22B1452-5FBE-443A-A89A-58B7978FB68B}"
EndProject
Project("{FAE04EC0-301F-11D3-BF4B-00C04F79EFBC}") = "Joke.Data", "Joke.Data\Joke.Data.csproj", "{3EA11A2B-4EB1-41A4-82F6-8ECF72B390DB}"
EndProject
Project("{FAE04EC0-301F-11D3-BF4B-00C04F79EFBC}") = "Joke.Model", "Joke.Model\Joke.Model.csproj", "{E79F7BE1-D63F-40A5-852D-5C4374D51812}"
EndProject
Project("{FAE04EC0-301F-11D3-BF4B-00C04F79EFBC}") = "Joke.Common", "Joke.Common\Joke.Common.csproj", "{43F92E2B-DF89-4D24-8913-C645FE0175CD}"
EndProject
Project("{FAE04EC0-301F-11D3-BF4B-00C04F79EFBC}") = "JokeSpider", "JokeSpider\JokeSpider.csproj", "{1F39D1A9-EEC5-4166-B875-1D2EEC83C6B0}"
EndProject
Project("{FAE04EC0-301F-11D3-BF4B-00C04F79EFBC}") = "SuperJokes.Mobile", "SuperJokes.Mobile\SuperJokes.Mobile.csproj", "{D3392AB5-CD5D-4F06-8202-4DBE39EE9C98}"
EndProject
Global
	GlobalSection(SolutionConfigurationPlatforms) = preSolution
		Debug|Any CPU = Debug|Any CPU
		Release|Any CPU = Release|Any CPU
	EndGlobalSection
	GlobalSection(ProjectConfigurationPlatforms) = postSolution
		{BE66EE1A-6978-4F7C-AB4A-F5021E932108}.Debug|Any CPU.ActiveCfg = Debug|Any CPU
		{BE66EE1A-6978-4F7C-AB4A-F5021E932108}.Debug|Any CPU.Build.0 = Debug|Any CPU
		{BE66EE1A-6978-4F7C-AB4A-F5021E932108}.Release|Any CPU.ActiveCfg = Release|Any CPU
		{BE66EE1A-6978-4F7C-AB4A-F5021E932108}.Release|Any CPU.Build.0 = Release|Any CPU
		{C22B1452-5FBE-443A-A89A-58B7978FB68B}.Debug|Any CPU.ActiveCfg = Debug|Any CPU
		{C22B1452-5FBE-443A-A89A-58B7978FB68B}.Debug|Any CPU.Build.0 = Debug|Any CPU
		{C22B1452-5FBE-443A-A89A-58B7978FB68B}.Release|Any CPU.ActiveCfg = Release|Any CPU
		{C22B1452-5FBE-443A-A89A-58B7978FB68B}.Release|Any CPU.Build.0 = Release|Any CPU
		{3EA11A2B-4EB1-41A4-82F6-8ECF72B390DB}.Debug|Any CPU.ActiveCfg = Debug|Any CPU
		{3EA11A2B-4EB1-41A4-82F6-8ECF72B390DB}.Debug|Any CPU.Build.0 = Debug|Any CPU
		{3EA11A2B-4EB1-41A4-82F6-8ECF72B390DB}.Release|Any CPU.ActiveCfg = Release|Any CPU
		{3EA11A2B-4EB1-41A4-82F6-8ECF72B390DB}.Release|Any CPU.Build.0 = Release|Any CPU
		{E79F7BE1-D63F-40A5-852D-5C4374D51812}.Debug|Any CPU.ActiveCfg = Debug|Any CPU
		{E79F7BE1-D63F-40A5-852D-5C4374D51812}.Debug|Any CPU.Build.0 = Debug|Any CPU
		{E79F7BE1-D63F-40A5-852D-5C4374D51812}.Release|Any CPU.ActiveCfg = Release|Any CPU
		{E79F7BE1-D63F-40A5-852D-5C4374D51812}.Release|Any CPU.Build.0 = Release|Any CPU
		{43F92E2B-DF89-4D24-8913-C645FE0175CD}.Debug|Any CPU.ActiveCfg = Debug|Any CPU
		{43F92E2B-DF89-4D24-8913-C645FE0175CD}.Debug|Any CPU.Build.0 = Debug|Any CPU
		{43F92E2B-DF89-4D24-8913-C645FE0175CD}.Release|Any CPU.ActiveCfg = Release|Any CPU
		{43F92E2B-DF89-4D24-8913-C645FE0175CD}.Release|Any CPU.Build.0 = Release|Any CPU
		{1F39D1A9-EEC5-4166-B875-1D2EEC83C6B0}.Debug|Any CPU.ActiveCfg = Debug|Any CPU
		{1F39D1A9-EEC5-4166-B875-1D2EEC83C6B0}.Debug|Any CPU.Build.0 = Debug|Any CPU
		{1F39D1A9-EEC5-4166-B875-1D2EEC83C6B0}.Release|Any CPU.ActiveCfg = Release|Any CPU
		{1F39D1A9-EEC5-4166-B875-1D2EEC83C6B0}.Release|Any CPU.Build.0 = Release|Any CPU
		{D3392AB5-CD5D-4F06-8202-4DBE39EE9C98}.Debug|Any CPU.ActiveCfg = Debug|Any CPU
		{D3392AB5-CD5D-4F06-8202-4DBE39EE9C98}.Debug|Any CPU.Build.0 = Debug|Any CPU
		{D3392AB5-CD5D-4F06-8202-4DBE39EE9C98}.Release|Any CPU.ActiveCfg = Release|Any CPU
		{D3392AB5-CD5D-4F06-8202-4DBE39EE9C98}.Release|Any CPU.Build.0 = Release|Any CPU
	EndGlobalSection
	GlobalSection(SolutionProperties) = preSolution
		HideSolutionNode = FALSE
	EndGlobalSection
EndGlobal
